
Microsoft Visual Studio Solution File, Format Version 12.00
# Visual Studio Version 17
VisualStudioVersion = 17.10.35122.118
MinimumVisualStudioVersion = 10.0.40219.1
Project("{FAE04EC0-301F-11D3-BF4B-00C04F79EFBC}") = "Vista", "Vista\Vista.csproj", "{D890D664-9CA3-443A-A0FA-1F7CC7AB8656}"
EndProject
Project("{FAE04EC0-301F-11D3-BF4B-00C04F79EFBC}") = "Modelo", "Modelo\Modelo.csproj", "{8D7E4AE1-973D-45CE-83BC-F3AFAE86CF36}"
EndProject
Project("{FAE04EC0-301F-11D3-BF4B-00C04F79EFBC}") = "Controladora", "Controladora\Controladora.csproj", "{CE8ECE65-C20D-43CE-A578-59001452F955}"
EndProject
Global
	GlobalSection(SolutionConfigurationPlatforms) = preSolution
		Debug|Any CPU = Debug|Any CPU
		Release|Any CPU = Release|Any CPU
	EndGlobalSection
	GlobalSection(ProjectConfigurationPlatforms) = postSolution
		{D890D664-9CA3-443A-A0FA-1F7CC7AB8656}.Debug|Any CPU.ActiveCfg = Debug|Any CPU
		{D890D664-9CA3-443A-A0FA-1F7CC7AB8656}.Debug|Any CPU.Build.0 = Debug|Any CPU
		{D890D664-9CA3-443A-A0FA-1F7CC7AB8656}.Release|Any CPU.ActiveCfg = Release|Any CPU
		{D890D664-9CA3-443A-A0FA-1F7CC7AB8656}.Release|Any CPU.Build.0 = Release|Any CPU
		{8D7E4AE1-973D-45CE-83BC-F3AFAE86CF36}.Debug|Any CPU.ActiveCfg = Debug|Any CPU
		{8D7E4AE1-973D-45CE-83BC-F3AFAE86CF36}.Debug|Any CPU.Build.0 = Debug|Any CPU
		{8D7E4AE1-973D-45CE-83BC-F3AFAE86CF36}.Release|Any CPU.ActiveCfg = Release|Any CPU
		{8D7E4AE1-973D-45CE-83BC-F3AFAE86CF36}.Release|Any CPU.Build.0 = Release|Any CPU
		{CE8ECE65-C20D-43CE-A578-59001452F955}.Debug|Any CPU.ActiveCfg = Debug|Any CPU
		{CE8ECE65-C20D-43CE-A578-59001452F955}.Debug|Any CPU.Build.0 = Debug|Any CPU
		{CE8ECE65-C20D-43CE-A578-59001452F955}.Release|Any CPU.ActiveCfg = Release|Any CPU
		{CE8ECE65-C20D-43CE-A578-59001452F955}.Release|Any CPU.Build.0 = Release|Any CPU
	EndGlobalSection
	GlobalSection(SolutionProperties) = preSolution
		HideSolutionNode = FALSE
	EndGlobalSection
	GlobalSection(ExtensibilityGlobals) = postSolution
		SolutionGuid = {D321386F-8758-43B1-A99B-143AC969D512}
	EndGlobalSection
EndGlobal
